
Microsoft Visual Studio Solution File, Format Version 12.00
# Visual Studio Version 16
VisualStudioVersion = 16.0.30804.86
MinimumVisualStudioVersion = 15.0.26124.0
Project("{2150E333-8FDC-42A3-9474-1A3956D46DE8}") = "Solution Items", "Solution Items", "{12779AC6-262B-4A1C-A613-409674FF94FD}"
	ProjectSection(SolutionItems) = preProject
		.editorconfig = .editorconfig
		common.props = common.props
		configureawait.props = configureawait.props
		Directory.Build.props = Directory.Build.props
		global.json = global.json
		LICENSE = LICENSE
	EndProjectSection
EndProject
Project("{2150E333-8FDC-42A3-9474-1A3956D46DE8}") = "test", "test", "{9D9898B8-033E-4563-B750-F7D320468E79}"
EndProject
Project("{9A19103F-16F7-4668-BE54-9A1E7A4F7556}") = "Maple.Branch.TestBase", "test\Maple.Branch.TestBase\Maple.Branch.TestBase.csproj", "{CF517B09-0FA1-4660-B369-C992532EE899}"
EndProject
Project("{2150E333-8FDC-42A3-9474-1A3956D46DE8}") = "core", "core", "{B616D09A-8691-470D-ABDA-3771CD52345E}"
EndProject
Project("{9A19103F-16F7-4668-BE54-9A1E7A4F7556}") = "Maple.Branch.Core.Abstractions", "core\Maple.Branch.Core.Abstractions\Maple.Branch.Core.Abstractions.csproj", "{AC0B077B-0A02-439F-8E9B-1FA4F8168F9D}"
EndProject
Project("{9A19103F-16F7-4668-BE54-9A1E7A4F7556}") = "Maple.Branch.Core", "core\Maple.Branch.Core\Maple.Branch.Core.csproj", "{404366EC-AAA0-4C81-9759-676CAFB781B4}"
EndProject
Project("{9A19103F-16F7-4668-BE54-9A1E7A4F7556}") = "Maple.Branch.Core.Tests", "core\Maple.Branch.Core.Tests\Maple.Branch.Core.Tests.csproj", "{DBE84E5E-EB7D-4FC0-9ECF-0888870D4DF6}"
EndProject
Project("{9A19103F-16F7-4668-BE54-9A1E7A4F7556}") = "Maple.Branch.Autofac", "core\Maple.Branch.Autofac\Maple.Branch.Autofac.csproj", "{B3A8477D-1B05-4C16-B73B-A6D96B482BC4}"
EndProject
Project("{2150E333-8FDC-42A3-9474-1A3956D46DE8}") = "unitofwork", "unitofwork", "{83AC4901-2CD4-4332-BFE6-5D5C1B1FCB42}"
EndProject
Project("{9A19103F-16F7-4668-BE54-9A1E7A4F7556}") = "Maple.Branch.Uow", "unitofwork\Maple.Branch.Uow\Maple.Branch.Uow.csproj", "{FFAAC141-E8D7-4D60-941A-C7E7ACB7DA18}"
EndProject
Project("{9A19103F-16F7-4668-BE54-9A1E7A4F7556}") = "Maple.Branch.Castle", "core\Maple.Branch.Castle\Maple.Branch.Castle.csproj", "{3C443328-4515-4FF0-993B-2D364525ADA2}"
EndProject
Project("{2150E333-8FDC-42A3-9474-1A3956D46DE8}") = "validation", "validation", "{E205B287-B11C-436E-8235-CF7AFAE4EAD1}"
EndProject
Project("{9A19103F-16F7-4668-BE54-9A1E7A4F7556}") = "Maple.Branch.Validation.Abstractions", "validation\Maple.Branch.Validation.Abstractions\Maple.Branch.Validation.Abstractions.csproj", "{63A81242-09B5-449C-8ED5-F9487E9779A5}"
EndProject
Project("{2150E333-8FDC-42A3-9474-1A3956D46DE8}") = "common", "common", "{AC3A0C2E-8AED-4488-98D4-2E01EA0E9C5E}"
EndProject
Project("{9A19103F-16F7-4668-BE54-9A1E7A4F7556}") = "Maple.Branch.Common", "common\Maple.Branch.Common\Maple.Branch.Common.csproj", "{E9079561-C725-4BE2-B575-25DC84EE4B5D}"
EndProject
Project("{2150E333-8FDC-42A3-9474-1A3956D46DE8}") = "data", "data", "{8F474369-A85C-4EE5-90C8-50D10B57F188}"
EndProject
Project("{2150E333-8FDC-42A3-9474-1A3956D46DE8}") = "multitenancy", "multitenancy", "{92355BBC-5365-499E-A271-59D1336E2353}"
EndProject
Project("{9A19103F-16F7-4668-BE54-9A1E7A4F7556}") = "Maple.Branch.MultiTenancy", "multitenancy\Maple.Branch.MultiTenancy\Maple.Branch.MultiTenancy.csproj", "{AD46A77A-D024-4250-9272-15291048FD37}"
EndProject
Project("{9A19103F-16F7-4668-BE54-9A1E7A4F7556}") = "Maple.Branch.MultiTenancy.Abstractions", "multitenancy\Maple.Branch.MultiTenancy.Abstractions\Maple.Branch.MultiTenancy.Abstractions.csproj", "{CE00E427-CA14-4044-8D6F-A5D5AB71E52C}"
EndProject
Project("{9A19103F-16F7-4668-BE54-9A1E7A4F7556}") = "Maple.Branch.Data", "data\Maple.Branch.Data\Maple.Branch.Data.csproj", "{2E0E2733-51DC-41BB-BA85-B3A1660C6BEB}"
EndProject
Project("{2150E333-8FDC-42A3-9474-1A3956D46DE8}") = "security", "security", "{851C318D-8D65-48A1-97D4-234777650EDF}"
EndProject
Project("{FAE04EC0-301F-11D3-BF4B-00C04F79EFBC}") = "Maple.Branch.Security", "security\Maple.Branch.Security\Maple.Branch.Security.csproj", "{E6645AE0-BAB9-48C7-A717-48D6B5594168}"
EndProject
Project("{FAE04EC0-301F-11D3-BF4B-00C04F79EFBC}") = "Maple.Branch.Security.Abstractions", "security\Maple.Branch.Security.Abstractions\Maple.Branch.Security.Abstractions.csproj", "{0A719865-6138-44CE-9C80-3F042F6AFC5F}"
EndProject
Global
	GlobalSection(SolutionConfigurationPlatforms) = preSolution
		Debug|Any CPU = Debug|Any CPU
		Debug|x64 = Debug|x64
		Debug|x86 = Debug|x86
		Release|Any CPU = Release|Any CPU
		Release|x64 = Release|x64
		Release|x86 = Release|x86
	EndGlobalSection
	GlobalSection(ProjectConfigurationPlatforms) = postSolution
		{CF517B09-0FA1-4660-B369-C992532EE899}.Debug|Any CPU.ActiveCfg = Debug|Any CPU
		{CF517B09-0FA1-4660-B369-C992532EE899}.Debug|Any CPU.Build.0 = Debug|Any CPU
		{CF517B09-0FA1-4660-B369-C992532EE899}.Debug|x64.ActiveCfg = Debug|Any CPU
		{CF517B09-0FA1-4660-B369-C992532EE899}.Debug|x64.Build.0 = Debug|Any CPU
		{CF517B09-0FA1-4660-B369-C992532EE899}.Debug|x86.ActiveCfg = Debug|Any CPU
		{CF517B09-0FA1-4660-B369-C992532EE899}.Debug|x86.Build.0 = Debug|Any CPU
		{CF517B09-0FA1-4660-B369-C992532EE899}.Release|Any CPU.ActiveCfg = Release|Any CPU
		{CF517B09-0FA1-4660-B369-C992532EE899}.Release|Any CPU.Build.0 = Release|Any CPU
		{CF517B09-0FA1-4660-B369-C992532EE899}.Release|x64.ActiveCfg = Release|Any CPU
		{CF517B09-0FA1-4660-B369-C992532EE899}.Release|x64.Build.0 = Release|Any CPU
		{CF517B09-0FA1-4660-B369-C992532EE899}.Release|x86.ActiveCfg = Release|Any CPU
		{CF517B09-0FA1-4660-B369-C992532EE899}.Release|x86.Build.0 = Release|Any CPU
		{AC0B077B-0A02-439F-8E9B-1FA4F8168F9D}.Debug|Any CPU.ActiveCfg = Debug|Any CPU
		{AC0B077B-0A02-439F-8E9B-1FA4F8168F9D}.Debug|Any CPU.Build.0 = Debug|Any CPU
		{AC0B077B-0A02-439F-8E9B-1FA4F8168F9D}.Debug|x64.ActiveCfg = Debug|Any CPU
		{AC0B077B-0A02-439F-8E9B-1FA4F8168F9D}.Debug|x64.Build.0 = Debug|Any CPU
		{AC0B077B-0A02-439F-8E9B-1FA4F8168F9D}.Debug|x86.ActiveCfg = Debug|Any CPU
		{AC0B077B-0A02-439F-8E9B-1FA4F8168F9D}.Debug|x86.Build.0 = Debug|Any CPU
		{AC0B077B-0A02-439F-8E9B-1FA4F8168F9D}.Release|Any CPU.ActiveCfg = Release|Any CPU
		{AC0B077B-0A02-439F-8E9B-1FA4F8168F9D}.Release|Any CPU.Build.0 = Release|Any CPU
		{AC0B077B-0A02-439F-8E9B-1FA4F8168F9D}.Release|x64.ActiveCfg = Release|Any CPU
		{AC0B077B-0A02-439F-8E9B-1FA4F8168F9D}.Release|x64.Build.0 = Release|Any CPU
		{AC0B077B-0A02-439F-8E9B-1FA4F8168F9D}.Release|x86.ActiveCfg = Release|Any CPU
		{AC0B077B-0A02-439F-8E9B-1FA4F8168F9D}.Release|x86.Build.0 = Release|Any CPU
		{404366EC-AAA0-4C81-9759-676CAFB781B4}.Debug|Any CPU.ActiveCfg = Debug|Any CPU
		{404366EC-AAA0-4C81-9759-676CAFB781B4}.Debug|Any CPU.Build.0 = Debug|Any CPU
		{404366EC-AAA0-4C81-9759-676CAFB781B4}.Debug|x64.ActiveCfg = Debug|Any CPU
		{404366EC-AAA0-4C81-9759-676CAFB781B4}.Debug|x64.Build.0 = Debug|Any CPU
		{404366EC-AAA0-4C81-9759-676CAFB781B4}.Debug|x86.ActiveCfg = Debug|Any CPU
		{404366EC-AAA0-4C81-9759-676CAFB781B4}.Debug|x86.Build.0 = Debug|Any CPU
		{404366EC-AAA0-4C81-9759-676CAFB781B4}.Release|Any CPU.ActiveCfg = Release|Any CPU
		{404366EC-AAA0-4C81-9759-676CAFB781B4}.Release|Any CPU.Build.0 = Release|Any CPU
		{404366EC-AAA0-4C81-9759-676CAFB781B4}.Release|x64.ActiveCfg = Release|Any CPU
		{404366EC-AAA0-4C81-9759-676CAFB781B4}.Release|x64.Build.0 = Release|Any CPU
		{404366EC-AAA0-4C81-9759-676CAFB781B4}.Release|x86.ActiveCfg = Release|Any CPU
		{404366EC-AAA0-4C81-9759-676CAFB781B4}.Release|x86.Build.0 = Release|Any CPU
		{DBE84E5E-EB7D-4FC0-9ECF-0888870D4DF6}.Debug|Any CPU.ActiveCfg = Debug|Any CPU
		{DBE84E5E-EB7D-4FC0-9ECF-0888870D4DF6}.Debug|Any CPU.Build.0 = Debug|Any CPU
		{DBE84E5E-EB7D-4FC0-9ECF-0888870D4DF6}.Debug|x64.ActiveCfg = Debug|Any CPU
		{DBE84E5E-EB7D-4FC0-9ECF-0888870D4DF6}.Debug|x64.Build.0 = Debug|Any CPU
		{DBE84E5E-EB7D-4FC0-9ECF-0888870D4DF6}.Debug|x86.ActiveCfg = Debug|Any CPU
		{DBE84E5E-EB7D-4FC0-9ECF-0888870D4DF6}.Debug|x86.Build.0 = Debug|Any CPU
		{DBE84E5E-EB7D-4FC0-9ECF-0888870D4DF6}.Release|Any CPU.ActiveCfg = Release|Any CPU
		{DBE84E5E-EB7D-4FC0-9ECF-0888870D4DF6}.Release|Any CPU.Build.0 = Release|Any CPU
		{DBE84E5E-EB7D-4FC0-9ECF-0888870D4DF6}.Release|x64.ActiveCfg = Release|Any CPU
		{DBE84E5E-EB7D-4FC0-9ECF-0888870D4DF6}.Release|x64.Build.0 = Release|Any CPU
		{DBE84E5E-EB7D-4FC0-9ECF-0888870D4DF6}.Release|x86.ActiveCfg = Release|Any CPU
		{DBE84E5E-EB7D-4FC0-9ECF-0888870D4DF6}.Release|x86.Build.0 = Release|Any CPU
		{B3A8477D-1B05-4C16-B73B-A6D96B482BC4}.Debug|Any CPU.ActiveCfg = Debug|Any CPU
		{B3A8477D-1B05-4C16-B73B-A6D96B482BC4}.Debug|Any CPU.Build.0 = Debug|Any CPU
		{B3A8477D-1B05-4C16-B73B-A6D96B482BC4}.Debug|x64.ActiveCfg = Debug|Any CPU
		{B3A8477D-1B05-4C16-B73B-A6D96B482BC4}.Debug|x64.Build.0 = Debug|Any CPU
		{B3A8477D-1B05-4C16-B73B-A6D96B482BC4}.Debug|x86.ActiveCfg = Debug|Any CPU
		{B3A8477D-1B05-4C16-B73B-A6D96B482BC4}.Debug|x86.Build.0 = Debug|Any CPU
		{B3A8477D-1B05-4C16-B73B-A6D96B482BC4}.Release|Any CPU.ActiveCfg = Release|Any CPU
		{B3A8477D-1B05-4C16-B73B-A6D96B482BC4}.Release|Any CPU.Build.0 = Release|Any CPU
		{B3A8477D-1B05-4C16-B73B-A6D96B482BC4}.Release|x64.ActiveCfg = Release|Any CPU
		{B3A8477D-1B05-4C16-B73B-A6D96B482BC4}.Release|x64.Build.0 = Release|Any CPU
		{B3A8477D-1B05-4C16-B73B-A6D96B482BC4}.Release|x86.ActiveCfg = Release|Any CPU
		{B3A8477D-1B05-4C16-B73B-A6D96B482BC4}.Release|x86.Build.0 = Release|Any CPU
		{FFAAC141-E8D7-4D60-941A-C7E7ACB7DA18}.Debug|Any CPU.ActiveCfg = Debug|Any CPU
		{FFAAC141-E8D7-4D60-941A-C7E7ACB7DA18}.Debug|Any CPU.Build.0 = Debug|Any CPU
		{FFAAC141-E8D7-4D60-941A-C7E7ACB7DA18}.Debug|x64.ActiveCfg = Debug|Any CPU
		{FFAAC141-E8D7-4D60-941A-C7E7ACB7DA18}.Debug|x64.Build.0 = Debug|Any CPU
		{FFAAC141-E8D7-4D60-941A-C7E7ACB7DA18}.Debug|x86.ActiveCfg = Debug|Any CPU
		{FFAAC141-E8D7-4D60-941A-C7E7ACB7DA18}.Debug|x86.Build.0 = Debug|Any CPU
		{FFAAC141-E8D7-4D60-941A-C7E7ACB7DA18}.Release|Any CPU.ActiveCfg = Release|Any CPU
		{FFAAC141-E8D7-4D60-941A-C7E7ACB7DA18}.Release|Any CPU.Build.0 = Release|Any CPU
		{FFAAC141-E8D7-4D60-941A-C7E7ACB7DA18}.Release|x64.ActiveCfg = Release|Any CPU
		{FFAAC141-E8D7-4D60-941A-C7E7ACB7DA18}.Release|x64.Build.0 = Release|Any CPU
		{FFAAC141-E8D7-4D60-941A-C7E7ACB7DA18}.Release|x86.ActiveCfg = Release|Any CPU
		{FFAAC141-E8D7-4D60-941A-C7E7ACB7DA18}.Release|x86.Build.0 = Release|Any CPU
		{3C443328-4515-4FF0-993B-2D364525ADA2}.Debug|Any CPU.ActiveCfg = Debug|Any CPU
		{3C443328-4515-4FF0-993B-2D364525ADA2}.Debug|Any CPU.Build.0 = Debug|Any CPU
		{3C443328-4515-4FF0-993B-2D364525ADA2}.Debug|x64.ActiveCfg = Debug|Any CPU
		{3C443328-4515-4FF0-993B-2D364525ADA2}.Debug|x64.Build.0 = Debug|Any CPU
		{3C443328-4515-4FF0-993B-2D364525ADA2}.Debug|x86.ActiveCfg = Debug|Any CPU
		{3C443328-4515-4FF0-993B-2D364525ADA2}.Debug|x86.Build.0 = Debug|Any CPU
		{3C443328-4515-4FF0-993B-2D364525ADA2}.Release|Any CPU.ActiveCfg = Release|Any CPU
		{3C443328-4515-4FF0-993B-2D364525ADA2}.Release|Any CPU.Build.0 = Release|Any CPU
		{3C443328-4515-4FF0-993B-2D364525ADA2}.Release|x64.ActiveCfg = Release|Any CPU
		{3C443328-4515-4FF0-993B-2D364525ADA2}.Release|x64.Build.0 = Release|Any CPU
		{3C443328-4515-4FF0-993B-2D364525ADA2}.Release|x86.ActiveCfg = Release|Any CPU
		{3C443328-4515-4FF0-993B-2D364525ADA2}.Release|x86.Build.0 = Release|Any CPU
		{63A81242-09B5-449C-8ED5-F9487E9779A5}.Debug|Any CPU.ActiveCfg = Debug|Any CPU
		{63A81242-09B5-449C-8ED5-F9487E9779A5}.Debug|Any CPU.Build.0 = Debug|Any CPU
		{63A81242-09B5-449C-8ED5-F9487E9779A5}.Debug|x64.ActiveCfg = Debug|Any CPU
		{63A81242-09B5-449C-8ED5-F9487E9779A5}.Debug|x64.Build.0 = Debug|Any CPU
		{63A81242-09B5-449C-8ED5-F9487E9779A5}.Debug|x86.ActiveCfg = Debug|Any CPU
		{63A81242-09B5-449C-8ED5-F9487E9779A5}.Debug|x86.Build.0 = Debug|Any CPU
		{63A81242-09B5-449C-8ED5-F9487E9779A5}.Release|Any CPU.ActiveCfg = Release|Any CPU
		{63A81242-09B5-449C-8ED5-F9487E9779A5}.Release|Any CPU.Build.0 = Release|Any CPU
		{63A81242-09B5-449C-8ED5-F9487E9779A5}.Release|x64.ActiveCfg = Release|Any CPU
		{63A81242-09B5-449C-8ED5-F9487E9779A5}.Release|x64.Build.0 = Release|Any CPU
		{63A81242-09B5-449C-8ED5-F9487E9779A5}.Release|x86.ActiveCfg = Release|Any CPU
		{63A81242-09B5-449C-8ED5-F9487E9779A5}.Release|x86.Build.0 = Release|Any CPU
		{E9079561-C725-4BE2-B575-25DC84EE4B5D}.Debug|Any CPU.ActiveCfg = Debug|Any CPU
		{E9079561-C725-4BE2-B575-25DC84EE4B5D}.Debug|Any CPU.Build.0 = Debug|Any CPU
		{E9079561-C725-4BE2-B575-25DC84EE4B5D}.Debug|x64.ActiveCfg = Debug|Any CPU
		{E9079561-C725-4BE2-B575-25DC84EE4B5D}.Debug|x64.Build.0 = Debug|Any CPU
		{E9079561-C725-4BE2-B575-25DC84EE4B5D}.Debug|x86.ActiveCfg = Debug|Any CPU
		{E9079561-C725-4BE2-B575-25DC84EE4B5D}.Debug|x86.Build.0 = Debug|Any CPU
		{E9079561-C725-4BE2-B575-25DC84EE4B5D}.Release|Any CPU.ActiveCfg = Release|Any CPU
		{E9079561-C725-4BE2-B575-25DC84EE4B5D}.Release|Any CPU.Build.0 = Release|Any CPU
		{E9079561-C725-4BE2-B575-25DC84EE4B5D}.Release|x64.ActiveCfg = Release|Any CPU
		{E9079561-C725-4BE2-B575-25DC84EE4B5D}.Release|x64.Build.0 = Release|Any CPU
		{E9079561-C725-4BE2-B575-25DC84EE4B5D}.Release|x86.ActiveCfg = Release|Any CPU
		{E9079561-C725-4BE2-B575-25DC84EE4B5D}.Release|x86.Build.0 = Release|Any CPU
		{AD46A77A-D024-4250-9272-15291048FD37}.Debug|Any CPU.ActiveCfg = Debug|Any CPU
		{AD46A77A-D024-4250-9272-15291048FD37}.Debug|Any CPU.Build.0 = Debug|Any CPU
		{AD46A77A-D024-4250-9272-15291048FD37}.Debug|x64.ActiveCfg = Debug|Any CPU
		{AD46A77A-D024-4250-9272-15291048FD37}.Debug|x64.Build.0 = Debug|Any CPU
		{AD46A77A-D024-4250-9272-15291048FD37}.Debug|x86.ActiveCfg = Debug|Any CPU
		{AD46A77A-D024-4250-9272-15291048FD37}.Debug|x86.Build.0 = Debug|Any CPU
		{AD46A77A-D024-4250-9272-15291048FD37}.Release|Any CPU.ActiveCfg = Release|Any CPU
		{AD46A77A-D024-4250-9272-15291048FD37}.Release|Any CPU.Build.0 = Release|Any CPU
		{AD46A77A-D024-4250-9272-15291048FD37}.Release|x64.ActiveCfg = Release|Any CPU
		{AD46A77A-D024-4250-9272-15291048FD37}.Release|x64.Build.0 = Release|Any CPU
		{AD46A77A-D024-4250-9272-15291048FD37}.Release|x86.ActiveCfg = Release|Any CPU
		{AD46A77A-D024-4250-9272-15291048FD37}.Release|x86.Build.0 = Release|Any CPU
		{CE00E427-CA14-4044-8D6F-A5D5AB71E52C}.Debug|Any CPU.ActiveCfg = Debug|Any CPU
		{CE00E427-CA14-4044-8D6F-A5D5AB71E52C}.Debug|Any CPU.Build.0 = Debug|Any CPU
		{CE00E427-CA14-4044-8D6F-A5D5AB71E52C}.Debug|x64.ActiveCfg = Debug|Any CPU
		{CE00E427-CA14-4044-8D6F-A5D5AB71E52C}.Debug|x64.Build.0 = Debug|Any CPU
		{CE00E427-CA14-4044-8D6F-A5D5AB71E52C}.Debug|x86.ActiveCfg = Debug|Any CPU
		{CE00E427-CA14-4044-8D6F-A5D5AB71E52C}.Debug|x86.Build.0 = Debug|Any CPU
		{CE00E427-CA14-4044-8D6F-A5D5AB71E52C}.Release|Any CPU.ActiveCfg = Release|Any CPU
		{CE00E427-CA14-4044-8D6F-A5D5AB71E52C}.Release|Any CPU.Build.0 = Release|Any CPU
		{CE00E427-CA14-4044-8D6F-A5D5AB71E52C}.Release|x64.ActiveCfg = Release|Any CPU
		{CE00E427-CA14-4044-8D6F-A5D5AB71E52C}.Release|x64.Build.0 = Release|Any CPU
		{CE00E427-CA14-4044-8D6F-A5D5AB71E52C}.Release|x86.ActiveCfg = Release|Any CPU
		{CE00E427-CA14-4044-8D6F-A5D5AB71E52C}.Release|x86.Build.0 = Release|Any CPU
		{2E0E2733-51DC-41BB-BA85-B3A1660C6BEB}.Debug|Any CPU.ActiveCfg = Debug|Any CPU
		{2E0E2733-51DC-41BB-BA85-B3A1660C6BEB}.Debug|Any CPU.Build.0 = Debug|Any CPU
		{2E0E2733-51DC-41BB-BA85-B3A1660C6BEB}.Debug|x64.ActiveCfg = Debug|Any CPU
		{2E0E2733-51DC-41BB-BA85-B3A1660C6BEB}.Debug|x64.Build.0 = Debug|Any CPU
		{2E0E2733-51DC-41BB-BA85-B3A1660C6BEB}.Debug|x86.ActiveCfg = Debug|Any CPU
		{2E0E2733-51DC-41BB-BA85-B3A1660C6BEB}.Debug|x86.Build.0 = Debug|Any CPU
		{2E0E2733-51DC-41BB-BA85-B3A1660C6BEB}.Release|Any CPU.ActiveCfg = Release|Any CPU
		{2E0E2733-51DC-41BB-BA85-B3A1660C6BEB}.Release|Any CPU.Build.0 = Release|Any CPU
		{2E0E2733-51DC-41BB-BA85-B3A1660C6BEB}.Release|x64.ActiveCfg = Release|Any CPU
		{2E0E2733-51DC-41BB-BA85-B3A1660C6BEB}.Release|x64.Build.0 = Release|Any CPU
		{2E0E2733-51DC-41BB-BA85-B3A1660C6BEB}.Release|x86.ActiveCfg = Release|Any CPU
		{2E0E2733-51DC-41BB-BA85-B3A1660C6BEB}.Release|x86.Build.0 = Release|Any CPU
		{E6645AE0-BAB9-48C7-A717-48D6B5594168}.Debug|Any CPU.ActiveCfg = Debug|Any CPU
		{E6645AE0-BAB9-48C7-A717-48D6B5594168}.Debug|Any CPU.Build.0 = Debug|Any CPU
		{E6645AE0-BAB9-48C7-A717-48D6B5594168}.Debug|x64.ActiveCfg = Debug|Any CPU
		{E6645AE0-BAB9-48C7-A717-48D6B5594168}.Debug|x64.Build.0 = Debug|Any CPU
		{E6645AE0-BAB9-48C7-A717-48D6B5594168}.Debug|x86.ActiveCfg = Debug|Any CPU
		{E6645AE0-BAB9-48C7-A717-48D6B5594168}.Debug|x86.Build.0 = Debug|Any CPU
		{E6645AE0-BAB9-48C7-A717-48D6B5594168}.Release|Any CPU.ActiveCfg = Release|Any CPU
		{E6645AE0-BAB9-48C7-A717-48D6B5594168}.Release|Any CPU.Build.0 = Release|Any CPU
		{E6645AE0-BAB9-48C7-A717-48D6B5594168}.Release|x64.ActiveCfg = Release|Any CPU
		{E6645AE0-BAB9-48C7-A717-48D6B5594168}.Release|x64.Build.0 = Release|Any CPU
		{E6645AE0-BAB9-48C7-A717-48D6B5594168}.Release|x86.ActiveCfg = Release|Any CPU
		{E6645AE0-BAB9-48C7-A717-48D6B5594168}.Release|x86.Build.0 = Release|Any CPU
		{0A719865-6138-44CE-9C80-3F042F6AFC5F}.Debug|Any CPU.ActiveCfg = Debug|Any CPU
		{0A719865-6138-44CE-9C80-3F042F6AFC5F}.Debug|Any CPU.Build.0 = Debug|Any CPU
		{0A719865-6138-44CE-9C80-3F042F6AFC5F}.Debug|x64.ActiveCfg = Debug|Any CPU
		{0A719865-6138-44CE-9C80-3F042F6AFC5F}.Debug|x64.Build.0 = Debug|Any CPU
		{0A719865-6138-44CE-9C80-3F042F6AFC5F}.Debug|x86.ActiveCfg = Debug|Any CPU
		{0A719865-6138-44CE-9C80-3F042F6AFC5F}.Debug|x86.Build.0 = Debug|Any CPU
		{0A719865-6138-44CE-9C80-3F042F6AFC5F}.Release|Any CPU.ActiveCfg = Release|Any CPU
		{0A719865-6138-44CE-9C80-3F042F6AFC5F}.Release|Any CPU.Build.0 = Release|Any CPU
		{0A719865-6138-44CE-9C80-3F042F6AFC5F}.Release|x64.ActiveCfg = Release|Any CPU
		{0A719865-6138-44CE-9C80-3F042F6AFC5F}.Release|x64.Build.0 = Release|Any CPU
		{0A719865-6138-44CE-9C80-3F042F6AFC5F}.Release|x86.ActiveCfg = Release|Any CPU
		{0A719865-6138-44CE-9C80-3F042F6AFC5F}.Release|x86.Build.0 = Release|Any CPU
	EndGlobalSection
	GlobalSection(SolutionProperties) = preSolution
		HideSolutionNode = FALSE
	EndGlobalSection
	GlobalSection(NestedProjects) = preSolution
		{CF517B09-0FA1-4660-B369-C992532EE899} = {9D9898B8-033E-4563-B750-F7D320468E79}
		{AC0B077B-0A02-439F-8E9B-1FA4F8168F9D} = {B616D09A-8691-470D-ABDA-3771CD52345E}
		{404366EC-AAA0-4C81-9759-676CAFB781B4} = {B616D09A-8691-470D-ABDA-3771CD52345E}
		{DBE84E5E-EB7D-4FC0-9ECF-0888870D4DF6} = {B616D09A-8691-470D-ABDA-3771CD52345E}
		{B3A8477D-1B05-4C16-B73B-A6D96B482BC4} = {B616D09A-8691-470D-ABDA-3771CD52345E}
		{FFAAC141-E8D7-4D60-941A-C7E7ACB7DA18} = {83AC4901-2CD4-4332-BFE6-5D5C1B1FCB42}
		{3C443328-4515-4FF0-993B-2D364525ADA2} = {B616D09A-8691-470D-ABDA-3771CD52345E}
		{63A81242-09B5-449C-8ED5-F9487E9779A5} = {E205B287-B11C-436E-8235-CF7AFAE4EAD1}
		{E9079561-C725-4BE2-B575-25DC84EE4B5D} = {AC3A0C2E-8AED-4488-98D4-2E01EA0E9C5E}
		{AD46A77A-D024-4250-9272-15291048FD37} = {92355BBC-5365-499E-A271-59D1336E2353}
		{CE00E427-CA14-4044-8D6F-A5D5AB71E52C} = {92355BBC-5365-499E-A271-59D1336E2353}
		{2E0E2733-51DC-41BB-BA85-B3A1660C6BEB} = {8F474369-A85C-4EE5-90C8-50D10B57F188}
		{E6645AE0-BAB9-48C7-A717-48D6B5594168} = {851C318D-8D65-48A1-97D4-234777650EDF}
		{0A719865-6138-44CE-9C80-3F042F6AFC5F} = {851C318D-8D65-48A1-97D4-234777650EDF}
	EndGlobalSection
	GlobalSection(ExtensibilityGlobals) = postSolution
		SolutionGuid = {93864006-516B-4514-A16C-EE2510922459}
	EndGlobalSection
EndGlobal
